
Microsoft Visual Studio Solution File, Format Version 12.00
# Visual Studio Version 17
VisualStudioVersion = 17.0.32112.339
MinimumVisualStudioVersion = 10.0.40219.1
Project("{9A19103F-16F7-4668-BE54-9A1E7A4F7556}") = "MatrixLab", "MatrixLab\MatrixLab.csproj", "{FFB31BFC-10C8-4EE9-BEAC-1179D5D69522}"
EndProject
Project("{9A19103F-16F7-4668-BE54-9A1E7A4F7556}") = "MatrixTests", "MatrixTests\MatrixTests.csproj", "{84E8E21A-DD62-415F-BB2F-4ACF1EF19DFB}"
EndProject
Project("{FAE04EC0-301F-11D3-BF4B-00C04F79EFBC}") = "Bench", "Bench\Bench.csproj", "{E9E54D72-DDB9-43C5-ABF5-715AB32047E2}"
EndProject
Project("{F2A71F9B-5D33-465A-A702-920D77279786}") = "MatrixF", "MatrixF\MatrixF.fsproj", "{707074B9-3A03-410D-86CF-E8570E4C88BD}"
EndProject
Global
	GlobalSection(SolutionConfigurationPlatforms) = preSolution
		Debug|Any CPU = Debug|Any CPU
		Release|Any CPU = Release|Any CPU
	EndGlobalSection
	GlobalSection(ProjectConfigurationPlatforms) = postSolution
		{FFB31BFC-10C8-4EE9-BEAC-1179D5D69522}.Debug|Any CPU.ActiveCfg = Debug|Any CPU
		{FFB31BFC-10C8-4EE9-BEAC-1179D5D69522}.Debug|Any CPU.Build.0 = Debug|Any CPU
		{FFB31BFC-10C8-4EE9-BEAC-1179D5D69522}.Release|Any CPU.ActiveCfg = Release|Any CPU
		{FFB31BFC-10C8-4EE9-BEAC-1179D5D69522}.Release|Any CPU.Build.0 = Release|Any CPU
		{84E8E21A-DD62-415F-BB2F-4ACF1EF19DFB}.Debug|Any CPU.ActiveCfg = Debug|Any CPU
		{84E8E21A-DD62-415F-BB2F-4ACF1EF19DFB}.Debug|Any CPU.Build.0 = Debug|Any CPU
		{84E8E21A-DD62-415F-BB2F-4ACF1EF19DFB}.Release|Any CPU.ActiveCfg = Release|Any CPU
		{84E8E21A-DD62-415F-BB2F-4ACF1EF19DFB}.Release|Any CPU.Build.0 = Release|Any CPU
		{E9E54D72-DDB9-43C5-ABF5-715AB32047E2}.Debug|Any CPU.ActiveCfg = Debug|Any CPU
		{E9E54D72-DDB9-43C5-ABF5-715AB32047E2}.Debug|Any CPU.Build.0 = Debug|Any CPU
		{E9E54D72-DDB9-43C5-ABF5-715AB32047E2}.Release|Any CPU.ActiveCfg = Release|Any CPU
		{E9E54D72-DDB9-43C5-ABF5-715AB32047E2}.Release|Any CPU.Build.0 = Release|Any CPU
		{707074B9-3A03-410D-86CF-E8570E4C88BD}.Debug|Any CPU.ActiveCfg = Debug|Any CPU
		{707074B9-3A03-410D-86CF-E8570E4C88BD}.Debug|Any CPU.Build.0 = Debug|Any CPU
		{707074B9-3A03-410D-86CF-E8570E4C88BD}.Release|Any CPU.ActiveCfg = Release|Any CPU
		{707074B9-3A03-410D-86CF-E8570E4C88BD}.Release|Any CPU.Build.0 = Release|Any CPU
	EndGlobalSection
	GlobalSection(SolutionProperties) = preSolution
		HideSolutionNode = FALSE
	EndGlobalSection
	GlobalSection(ExtensibilityGlobals) = postSolution
		SolutionGuid = {2E8FAC84-44D1-4B92-A1D8-5969AB11B31F}
	EndGlobalSection
EndGlobal
